
Microsoft Visual Studio Solution File, Format Version 12.00
# Visual Studio Version 16
VisualStudioVersion = 16.0.32602.291
MinimumVisualStudioVersion = 10.0.40219.1
Project("{9A19103F-16F7-4668-BE54-9A1E7A4F7556}") = "Projeto Seguros", "Projeto Seguros.csproj", "{61F4FD62-5161-49EF-912D-298DE676081E}"
EndProject
Global
	GlobalSection(SolutionConfigurationPlatforms) = preSolution
		Debug|Any CPU = Debug|Any CPU
		Release|Any CPU = Release|Any CPU
	EndGlobalSection
	GlobalSection(ProjectConfigurationPlatforms) = postSolution
		{61F4FD62-5161-49EF-912D-298DE676081E}.Debug|Any CPU.ActiveCfg = Debug|Any CPU
		{61F4FD62-5161-49EF-912D-298DE676081E}.Debug|Any CPU.Build.0 = Debug|Any CPU
		{61F4FD62-5161-49EF-912D-298DE676081E}.Release|Any CPU.ActiveCfg = Release|Any CPU
		{61F4FD62-5161-49EF-912D-298DE676081E}.Release|Any CPU.Build.0 = Release|Any CPU
	EndGlobalSection
	GlobalSection(SolutionProperties) = preSolution
		HideSolutionNode = FALSE
	EndGlobalSection
	GlobalSection(ExtensibilityGlobals) = postSolution
		SolutionGuid = {D6808D3C-934E-4991-A74D-14FF8534C275}
	EndGlobalSection
EndGlobal
